
Microsoft Visual Studio Solution File, Format Version 12.00
# Visual Studio Version 16
VisualStudioVersion = 16.0.31019.35
MinimumVisualStudioVersion = 10.0.40219.1
Project("{9A19103F-16F7-4668-BE54-9A1E7A4F7556}") = "Entities", "Entities\Entities.csproj", "{0C00F7A5-976C-4EBD-B21F-DFD57729BC75}"
EndProject
Project("{9A19103F-16F7-4668-BE54-9A1E7A4F7556}") = "DataAccess", "DataAccess\DataAccess.csproj", "{095A9FBD-DAB5-4FD3-B97C-075E2EEB6410}"
EndProject
Project("{9A19103F-16F7-4668-BE54-9A1E7A4F7556}") = "Business", "Business\Business.csproj", "{76CD6132-CCF8-4352-9BC3-5FC431BEE3D1}"
EndProject
Project("{9A19103F-16F7-4668-BE54-9A1E7A4F7556}") = "ConsoleUI", "ConsoleUI\ConsoleUI.csproj", "{271353F4-5C07-479D-8423-BD901DBBEBBE}"
EndProject
Project("{FAE04EC0-301F-11D3-BF4B-00C04F79EFBC}") = "Core", "Core\Core.csproj", "{7C619C46-2A2C-4CCF-8E9F-2EE219ADCB71}"
EndProject
Global
	GlobalSection(SolutionConfigurationPlatforms) = preSolution
		Debug|Any CPU = Debug|Any CPU
		Release|Any CPU = Release|Any CPU
	EndGlobalSection
	GlobalSection(ProjectConfigurationPlatforms) = postSolution
		{0C00F7A5-976C-4EBD-B21F-DFD57729BC75}.Debug|Any CPU.ActiveCfg = Debug|Any CPU
		{0C00F7A5-976C-4EBD-B21F-DFD57729BC75}.Debug|Any CPU.Build.0 = Debug|Any CPU
		{0C00F7A5-976C-4EBD-B21F-DFD57729BC75}.Release|Any CPU.ActiveCfg = Release|Any CPU
		{0C00F7A5-976C-4EBD-B21F-DFD57729BC75}.Release|Any CPU.Build.0 = Release|Any CPU
		{095A9FBD-DAB5-4FD3-B97C-075E2EEB6410}.Debug|Any CPU.ActiveCfg = Debug|Any CPU
		{095A9FBD-DAB5-4FD3-B97C-075E2EEB6410}.Debug|Any CPU.Build.0 = Debug|Any CPU
		{095A9FBD-DAB5-4FD3-B97C-075E2EEB6410}.Release|Any CPU.ActiveCfg = Release|Any CPU
		{095A9FBD-DAB5-4FD3-B97C-075E2EEB6410}.Release|Any CPU.Build.0 = Release|Any CPU
		{76CD6132-CCF8-4352-9BC3-5FC431BEE3D1}.Debug|Any CPU.ActiveCfg = Debug|Any CPU
		{76CD6132-CCF8-4352-9BC3-5FC431BEE3D1}.Debug|Any CPU.Build.0 = Debug|Any CPU
		{76CD6132-CCF8-4352-9BC3-5FC431BEE3D1}.Release|Any CPU.ActiveCfg = Release|Any CPU
		{76CD6132-CCF8-4352-9BC3-5FC431BEE3D1}.Release|Any CPU.Build.0 = Release|Any CPU
		{271353F4-5C07-479D-8423-BD901DBBEBBE}.Debug|Any CPU.ActiveCfg = Debug|Any CPU
		{271353F4-5C07-479D-8423-BD901DBBEBBE}.Debug|Any CPU.Build.0 = Debug|Any CPU
		{271353F4-5C07-479D-8423-BD901DBBEBBE}.Release|Any CPU.ActiveCfg = Release|Any CPU
		{271353F4-5C07-479D-8423-BD901DBBEBBE}.Release|Any CPU.Build.0 = Release|Any CPU
		{7C619C46-2A2C-4CCF-8E9F-2EE219ADCB71}.Debug|Any CPU.ActiveCfg = Debug|Any CPU
		{7C619C46-2A2C-4CCF-8E9F-2EE219ADCB71}.Debug|Any CPU.Build.0 = Debug|Any CPU
		{7C619C46-2A2C-4CCF-8E9F-2EE219ADCB71}.Release|Any CPU.ActiveCfg = Release|Any CPU
		{7C619C46-2A2C-4CCF-8E9F-2EE219ADCB71}.Release|Any CPU.Build.0 = Release|Any CPU
	EndGlobalSection
	GlobalSection(SolutionProperties) = preSolution
		HideSolutionNode = FALSE
	EndGlobalSection
	GlobalSection(ExtensibilityGlobals) = postSolution
		SolutionGuid = {CAADA1E8-6BCB-41E6-B865-E1C2E2C95D35}
	EndGlobalSection
EndGlobal
